
Microsoft Visual Studio Solution File, Format Version 12.00
# Visual Studio Version 16
VisualStudioVersion = 16.0.31025.194
MinimumVisualStudioVersion = 10.0.40219.1
Project("{888888A0-9F3D-457C-B088-3A5042F75D52}") = "Task4", "Task4.pyproj", "{FCA22331-546F-4892-B7E9-4267D6BF3595}"
EndProject
Global
	GlobalSection(SolutionConfigurationPlatforms) = preSolution
		Debug|Any CPU = Debug|Any CPU
		Release|Any CPU = Release|Any CPU
	EndGlobalSection
	GlobalSection(ProjectConfigurationPlatforms) = postSolution
		{FCA22331-546F-4892-B7E9-4267D6BF3595}.Debug|Any CPU.ActiveCfg = Debug|Any CPU
		{FCA22331-546F-4892-B7E9-4267D6BF3595}.Release|Any CPU.ActiveCfg = Release|Any CPU
	EndGlobalSection
	GlobalSection(SolutionProperties) = preSolution
		HideSolutionNode = FALSE
	EndGlobalSection
	GlobalSection(ExtensibilityGlobals) = postSolution
		SolutionGuid = {260A0903-DF74-4197-8B1A-E33B16321DF8}
	EndGlobalSection
EndGlobal
